// !$*UTF8*$!
{
	archiveVersion = 1;
	classes = {
	};
	objectVersion = 50;
	objects = {

/* Begin PBXBuildFile section */
		7E04EC1A264BE256004C1950 /* AppDelegate.swift in Sources */ = {isa = PBXBuildFile; fileRef = 7E04EC19264BE256004C1950 /* AppDelegate.swift */; };
		7E04EC1C264BE256004C1950 /* SceneDelegate.swift in Sources */ = {isa = PBXBuildFile; fileRef = 7E04EC1B264BE256004C1950 /* SceneDelegate.swift */; };
		7E04EC1E264BE256004C1950 /* SAMainViewController.swift in Sources */ = {isa = PBXBuildFile; fileRef = 7E04EC1D264BE256004C1950 /* SAMainViewController.swift */; };
		7E04EC21264BE256004C1950 /* Main.storyboard in Resources */ = {isa = PBXBuildFile; fileRef = 7E04EC1F264BE256004C1950 /* Main.storyboard */; };
		7E04EC24264BE256004C1950 /* StoreApp.xcdatamodeld in Sources */ = {isa = PBXBuildFile; fileRef = 7E04EC22264BE256004C1950 /* StoreApp.xcdatamodeld */; };
		7E04EC26264BE257004C1950 /* Assets.xcassets in Resources */ = {isa = PBXBuildFile; fileRef = 7E04EC25264BE257004C1950 /* Assets.xcassets */; };
		7E04EC29264BE257004C1950 /* LaunchScreen.storyboard in Resources */ = {isa = PBXBuildFile; fileRef = 7E04EC27264BE257004C1950 /* LaunchScreen.storyboard */; };
		7E04EC49264BE9F0004C1950 /* SAExtensions.swift in Sources */ = {isa = PBXBuildFile; fileRef = 7E04EC48264BE9F0004C1950 /* SAExtensions.swift */; };
		7E8605B3264C5A12006D6DB1 /* Coordinator.swift in Sources */ = {isa = PBXBuildFile; fileRef = 7E8605B2264C5A12006D6DB1 /* Coordinator.swift */; };
		7E8605B6264C5A9C006D6DB1 /* Storyboarded.swift in Sources */ = {isa = PBXBuildFile; fileRef = 7E8605B5264C5A9C006D6DB1 /* Storyboarded.swift */; };
		7E8605BC264C5C6A006D6DB1 /* MainCoordinator.swift in Sources */ = {isa = PBXBuildFile; fileRef = 7E8605BB264C5C6A006D6DB1 /* MainCoordinator.swift */; };
		7E8605C2264C6CF9006D6DB1 /* SAFormViewController.swift in Sources */ = {isa = PBXBuildFile; fileRef = 7E8605C1264C6CF9006D6DB1 /* SAFormViewController.swift */; };
		7E8605C6264C6F5E006D6DB1 /* SANote.swift in Sources */ = {isa = PBXBuildFile; fileRef = 7E8605C5264C6F5E006D6DB1 /* SANote.swift */; };
		7E8605CC264C711E006D6DB1 /* SANoteTableViewCell.swift in Sources */ = {isa = PBXBuildFile; fileRef = 7E8605CA264C711E006D6DB1 /* SANoteTableViewCell.swift */; };
		7E8605CD264C711E006D6DB1 /* SANoteTableViewCell.xib in Resources */ = {isa = PBXBuildFile; fileRef = 7E8605CB264C711E006D6DB1 /* SANoteTableViewCell.xib */; };
		7E8C8F11264D543900709701 /* SATextView.swift in Sources */ = {isa = PBXBuildFile; fileRef = 7E8C8F10264D543900709701 /* SATextView.swift */; };
		7EF1B9C5264C83F100EA6A6E /* SATextField.swift in Sources */ = {isa = PBXBuildFile; fileRef = 7EF1B9C4264C83F100EA6A6E /* SATextField.swift */; };
/* End PBXBuildFile section */

/* Begin PBXFileReference section */
		7E04EC16264BE256004C1950 /* StoreApp.app */ = {isa = PBXFileReference; explicitFileType = wrapper.application; includeInIndex = 0; path = StoreApp.app; sourceTree = BUILT_PRODUCTS_DIR; };
		7E04EC19264BE256004C1950 /* AppDelegate.swift */ = {isa = PBXFileReference; lastKnownFileType = sourcecode.swift; path = AppDelegate.swift; sourceTree = "<group>"; };
		7E04EC1B264BE256004C1950 /* SceneDelegate.swift */ = {isa = PBXFileReference; lastKnownFileType = sourcecode.swift; path = SceneDelegate.swift; sourceTree = "<group>"; };
		7E04EC1D264BE256004C1950 /* SAMainViewController.swift */ = {isa = PBXFileReference; lastKnownFileType = sourcecode.swift; path = SAMainViewController.swift; sourceTree = "<group>"; };
		7E04EC20264BE256004C1950 /* Base */ = {isa = PBXFileReference; lastKnownFileType = file.storyboard; name = Base; path = Base.lproj/Main.storyboard; sourceTree = "<group>"; };
		7E04EC23264BE256004C1950 /* StoreApp.xcdatamodel */ = {isa = PBXFileReference; lastKnownFileType = wrapper.xcdatamodel; path = StoreApp.xcdatamodel; sourceTree = "<group>"; };
		7E04EC25264BE257004C1950 /* Assets.xcassets */ = {isa = PBXFileReference; lastKnownFileType = folder.assetcatalog; path = Assets.xcassets; sourceTree = "<group>"; };
		7E04EC28264BE257004C1950 /* Base */ = {isa = PBXFileReference; lastKnownFileType = file.storyboard; name = Base; path = Base.lproj/LaunchScreen.storyboard; sourceTree = "<group>"; };
		7E04EC2A264BE257004C1950 /* Info.plist */ = {isa = PBXFileReference; lastKnownFileType = text.plist.xml; path = Info.plist; sourceTree = "<group>"; };
		7E04EC48264BE9F0004C1950 /* SAExtensions.swift */ = {isa = PBXFileReference; lastKnownFileType = sourcecode.swift; path = SAExtensions.swift; sourceTree = "<group>"; };
		7E8605B2264C5A12006D6DB1 /* Coordinator.swift */ = {isa = PBXFileReference; lastKnownFileType = sourcecode.swift; path = Coordinator.swift; sourceTree = "<group>"; };
		7E8605B5264C5A9C006D6DB1 /* Storyboarded.swift */ = {isa = PBXFileReference; lastKnownFileType = sourcecode.swift; path = Storyboarded.swift; sourceTree = "<group>"; };
		7E8605BB264C5C6A006D6DB1 /* MainCoordinator.swift */ = {isa = PBXFileReference; lastKnownFileType = sourcecode.swift; path = MainCoordinator.swift; sourceTree = "<group>"; };
		7E8605C1264C6CF9006D6DB1 /* SAFormViewController.swift */ = {isa = PBXFileReference; lastKnownFileType = sourcecode.swift; path = SAFormViewController.swift; sourceTree = "<group>"; };
		7E8605C5264C6F5E006D6DB1 /* SANote.swift */ = {isa = PBXFileReference; lastKnownFileType = sourcecode.swift; path = SANote.swift; sourceTree = "<group>"; };
		7E8605CA264C711E006D6DB1 /* SANoteTableViewCell.swift */ = {isa = PBXFileReference; lastKnownFileType = sourcecode.swift; path = SANoteTableViewCell.swift; sourceTree = "<group>"; };
		7E8605CB264C711E006D6DB1 /* SANoteTableViewCell.xib */ = {isa = PBXFileReference; lastKnownFileType = file.xib; path = SANoteTableViewCell.xib; sourceTree = "<group>"; };
		7E8C8F10264D543900709701 /* SATextView.swift */ = {isa = PBXFileReference; lastKnownFileType = sourcecode.swift; path = SATextView.swift; sourceTree = "<group>"; };
		7EF1B9C4264C83F100EA6A6E /* SATextField.swift */ = {isa = PBXFileReference; lastKnownFileType = sourcecode.swift; path = SATextField.swift; sourceTree = "<group>"; };
/* End PBXFileReference section */

/* Begin PBXFrameworksBuildPhase section */
		7E04EC13264BE256004C1950 /* Frameworks */ = {
			isa = PBXFrameworksBuildPhase;
			buildActionMask = 2147483647;
			files = (
			);
			runOnlyForDeploymentPostprocessing = 0;
		};
/* End PBXFrameworksBuildPhase section */

/* Begin PBXGroup section */
		7E04EC0D264BE255004C1950 = {
			isa = PBXGroup;
			children = (
				7E04EC18264BE256004C1950 /* StoreApp */,
				7E04EC17264BE256004C1950 /* Products */,
			);
			sourceTree = "<group>";
		};
		7E04EC17264BE256004C1950 /* Products */ = {
			isa = PBXGroup;
			children = (
				7E04EC16264BE256004C1950 /* StoreApp.app */,
			);
			name = Products;
			sourceTree = "<group>";
		};
		7E04EC18264BE256004C1950 /* StoreApp */ = {
			isa = PBXGroup;
			children = (
				7E04EC39264BE6AF004C1950 /* Application */,
				7E04EC33264BE560004C1950 /* Models */,
				7E04EC32264BE555004C1950 /* Modules */,
				7E708F31264D95C100B9FFB7 /* Resources */,
				7E04EC47264BE9B4004C1950 /* Utils */,
				7E04EC22264BE256004C1950 /* StoreApp.xcdatamodeld */,
				7E8605B2264C5A12006D6DB1 /* Coordinator.swift */,
				7E8605B5264C5A9C006D6DB1 /* Storyboarded.swift */,
				7E8605BB264C5C6A006D6DB1 /* MainCoordinator.swift */,
			);
			path = StoreApp;
			sourceTree = "<group>";
		};
		7E04EC32264BE555004C1950 /* Modules */ = {
			isa = PBXGroup;
			children = (
				7E8605C0264C6CB5006D6DB1 /* Form */,
				7E04EC34264BE577004C1950 /* Main */,
			);
			path = Modules;
			sourceTree = "<group>";
		};
		7E04EC33264BE560004C1950 /* Models */ = {
			isa = PBXGroup;
			children = (
				7E8605C5264C6F5E006D6DB1 /* SANote.swift */,
			);
			path = Models;
			sourceTree = "<group>";
		};
		7E04EC34264BE577004C1950 /* Main */ = {
			isa = PBXGroup;
			children = (
				7E8605C4264C6F3A006D6DB1 /* MainViews */,
				7E04EC1D264BE256004C1950 /* SAMainViewController.swift */,
				7E04EC1F264BE256004C1950 /* Main.storyboard */,
			);
			path = Main;
			sourceTree = "<group>";
		};
		7E04EC39264BE6AF004C1950 /* Application */ = {
			isa = PBXGroup;
			children = (
				7E04EC1B264BE256004C1950 /* SceneDelegate.swift */,
				7E04EC19264BE256004C1950 /* AppDelegate.swift */,
			);
			path = Application;
			sourceTree = "<group>";
		};
		7E04EC47264BE9B4004C1950 /* Utils */ = {
			isa = PBXGroup;
			children = (
				7E04EC48264BE9F0004C1950 /* SAExtensions.swift */,
			);
			path = Utils;
			sourceTree = "<group>";
		};
		7E708F31264D95C100B9FFB7 /* Resources */ = {
			isa = PBXGroup;
			children = (
				7E04EC2A264BE257004C1950 /* Info.plist */,
				7E04EC27264BE257004C1950 /* LaunchScreen.storyboard */,
				7E04EC25264BE257004C1950 /* Assets.xcassets */,
			);
			path = Resources;
			sourceTree = "<group>";
		};
		7E8605C0264C6CB5006D6DB1 /* Form */ = {
			isa = PBXGroup;
			children = (
				7EF1B9C3264C83BF00EA6A6E /* FormViews */,
				7E8605C1264C6CF9006D6DB1 /* SAFormViewController.swift */,
			);
			path = Form;
			sourceTree = "<group>";
		};
		7E8605C4264C6F3A006D6DB1 /* MainViews */ = {
			isa = PBXGroup;
			children = (
				7E8605CA264C711E006D6DB1 /* SANoteTableViewCell.swift */,
				7E8605CB264C711E006D6DB1 /* SANoteTableViewCell.xib */,
			);
			path = MainViews;
			sourceTree = "<group>";
		};
		7EF1B9C3264C83BF00EA6A6E /* FormViews */ = {
			isa = PBXGroup;
			children = (
				7EF1B9C4264C83F100EA6A6E /* SATextField.swift */,
				7E8C8F10264D543900709701 /* SATextView.swift */,
			);
			path = FormViews;
			sourceTree = "<group>";
		};
/* End PBXGroup section */

/* Begin PBXNativeTarget section */
		7E04EC15264BE256004C1950 /* StoreApp */ = {
			isa = PBXNativeTarget;
			buildConfigurationList = 7E04EC2D264BE257004C1950 /* Build configuration list for PBXNativeTarget "StoreApp" */;
			buildPhases = (
				7E04EC12264BE256004C1950 /* Sources */,
				7E04EC13264BE256004C1950 /* Frameworks */,
				7E04EC14264BE256004C1950 /* Resources */,
			);
			buildRules = (
			);
			dependencies = (
			);
			name = StoreApp;
			productName = StoreApp;
			productReference = 7E04EC16264BE256004C1950 /* StoreApp.app */;
			productType = "com.apple.product-type.application";
		};
/* End PBXNativeTarget section */

/* Begin PBXProject section */
		7E04EC0E264BE255004C1950 /* Project object */ = {
			isa = PBXProject;
			attributes = {
				CLASSPREFIX = SA;
				LastSwiftUpdateCheck = 1240;
				LastUpgradeCheck = 1240;
				TargetAttributes = {
					7E04EC15264BE256004C1950 = {
						CreatedOnToolsVersion = 12.4;
					};
				};
			};
			buildConfigurationList = 7E04EC11264BE255004C1950 /* Build configuration list for PBXProject "StoreApp" */;
			compatibilityVersion = "Xcode 9.3";
			developmentRegion = en;
			hasScannedForEncodings = 0;
			knownRegions = (
				en,
				Base,
			);
			mainGroup = 7E04EC0D264BE255004C1950;
			productRefGroup = 7E04EC17264BE256004C1950 /* Products */;
			projectDirPath = "";
			projectRoot = "";
			targets = (
				7E04EC15264BE256004C1950 /* StoreApp */,
			);
		};
/* End PBXProject section */

/* Begin PBXResourcesBuildPhase section */
		7E04EC14264BE256004C1950 /* Resources */ = {
			isa = PBXResourcesBuildPhase;
			buildActionMask = 2147483647;
			files = (
				7E04EC29264BE257004C1950 /* LaunchScreen.storyboard in Resources */,
				7E8605CD264C711E006D6DB1 /* SANoteTableViewCell.xib in Resources */,
				7E04EC26264BE257004C1950 /* Assets.xcassets in Resources */,
				7E04EC21264BE256004C1950 /* Main.storyboard in Resources */,
			);
			runOnlyForDeploymentPostprocessing = 0;
		};
/* End PBXResourcesBuildPhase section */

/* Begin PBXSourcesBuildPhase section */
		7E04EC12264BE256004C1950 /* Sources */ = {
			isa = PBXSourcesBuildPhase;
			buildActionMask = 2147483647;
			files = (
				7E04EC49264BE9F0004C1950 /* SAExtensions.swift in Sources */,
				7E04EC1E264BE256004C1950 /* SAMainViewController.swift in Sources */,
				7E8C8F11264D543900709701 /* SATextView.swift in Sources */,
				7E8605C6264C6F5E006D6DB1 /* SANote.swift in Sources */,
				7E8605BC264C5C6A006D6DB1 /* MainCoordinator.swift in Sources */,
				7E04EC1A264BE256004C1950 /* AppDelegate.swift in Sources */,
				7EF1B9C5264C83F100EA6A6E /* SATextField.swift in Sources */,
				7E8605B3264C5A12006D6DB1 /* Coordinator.swift in Sources */,
				7E04EC1C264BE256004C1950 /* SceneDelegate.swift in Sources */,
				7E8605CC264C711E006D6DB1 /* SANoteTableViewCell.swift in Sources */,
				7E04EC24264BE256004C1950 /* StoreApp.xcdatamodeld in Sources */,
				7E8605C2264C6CF9006D6DB1 /* SAFormViewController.swift in Sources */,
				7E8605B6264C5A9C006D6DB1 /* Storyboarded.swift in Sources */,
			);
			runOnlyForDeploymentPostprocessing = 0;
		};
/* End PBXSourcesBuildPhase section */

/* Begin PBXVariantGroup section */
		7E04EC1F264BE256004C1950 /* Main.storyboard */ = {
			isa = PBXVariantGroup;
			children = (
				7E04EC20264BE256004C1950 /* Base */,
			);
			name = Main.storyboard;
			sourceTree = "<group>";
		};
		7E04EC27264BE257004C1950 /* LaunchScreen.storyboard */ = {
			isa = PBXVariantGroup;
			children = (
				7E04EC28264BE257004C1950 /* Base */,
			);
			name = LaunchScreen.storyboard;
			sourceTree = "<group>";
		};
/* End PBXVariantGroup section */

/* Begin XCBuildConfiguration section */
		7E04EC2B264BE257004C1950 /* Debug */ = {
			isa = XCBuildConfiguration;
			buildSettings = {
				ALWAYS_SEARCH_USER_PATHS = NO;
				CLANG_ANALYZER_NONNULL = YES;
				CLANG_ANALYZER_NUMBER_OBJECT_CONVERSION = YES_AGGRESSIVE;
				CLANG_CXX_LANGUAGE_STANDARD = "gnu++14";
				CLANG_CXX_LIBRARY = "libc++";
				CLANG_ENABLE_MODULES = YES;
				CLANG_ENABLE_OBJC_ARC = YES;
				CLANG_ENABLE_OBJC_WEAK = YES;
				CLANG_WARN_BLOCK_CAPTURE_AUTORELEASING = YES;
				CLANG_WARN_BOOL_CONVERSION = YES;
				CLANG_WARN_COMMA = YES;
				CLANG_WARN_CONSTANT_CONVERSION = YES;
				CLANG_WARN_DEPRECATED_OBJC_IMPLEMENTATIONS = YES;
				CLANG_WARN_DIRECT_OBJC_ISA_USAGE = YES_ERROR;
				CLANG_WARN_DOCUMENTATION_COMMENTS = YES;
				CLANG_WARN_EMPTY_BODY = YES;
				CLANG_WARN_ENUM_CONVERSION = YES;
				CLANG_WARN_INFINITE_RECURSION = YES;
				CLANG_WARN_INT_CONVERSION = YES;
				CLANG_WARN_NON_LITERAL_NULL_CONVERSION = YES;
				CLANG_WARN_OBJC_IMPLICIT_RETAIN_SELF = YES;
				CLANG_WARN_OBJC_LITERAL_CONVERSION = YES;
				CLANG_WARN_OBJC_ROOT_CLASS = YES_ERROR;
				CLANG_WARN_QUOTED_INCLUDE_IN_FRAMEWORK_HEADER = YES;
				CLANG_WARN_RANGE_LOOP_ANALYSIS = YES;
				CLANG_WARN_STRICT_PROTOTYPES = YES;
				CLANG_WARN_SUSPICIOUS_MOVE = YES;
				CLANG_WARN_UNGUARDED_AVAILABILITY = YES_AGGRESSIVE;
				CLANG_WARN_UNREACHABLE_CODE = YES;
				CLANG_WARN__DUPLICATE_METHOD_MATCH = YES;
				COPY_PHASE_STRIP = NO;
				DEBUG_INFORMATION_FORMAT = dwarf;
				ENABLE_STRICT_OBJC_MSGSEND = YES;
				ENABLE_TESTABILITY = YES;
				GCC_C_LANGUAGE_STANDARD = gnu11;
				GCC_DYNAMIC_NO_PIC = NO;
				GCC_NO_COMMON_BLOCKS = YES;
				GCC_OPTIMIZATION_LEVEL = 0;
				GCC_PREPROCESSOR_DEFINITIONS = (
					"DEBUG=1",
					"$(inherited)",
				);
				GCC_WARN_64_TO_32_BIT_CONVERSION = YES;
				GCC_WARN_ABOUT_RETURN_TYPE = YES_ERROR;
				GCC_WARN_UNDECLARED_SELECTOR = YES;
				GCC_WARN_UNINITIALIZED_AUTOS = YES_AGGRESSIVE;
				GCC_WARN_UNUSED_FUNCTION = YES;
				GCC_WARN_UNUSED_VARIABLE = YES;
				IPHONEOS_DEPLOYMENT_TARGET = 12.1;
				MTL_ENABLE_DEBUG_INFO = INCLUDE_SOURCE;
				MTL_FAST_MATH = YES;
				ONLY_ACTIVE_ARCH = YES;
				SDKROOT = iphoneos;
				SWIFT_ACTIVE_COMPILATION_CONDITIONS = DEBUG;
				SWIFT_OPTIMIZATION_LEVEL = "-Onone";
			};
			name = Debug;
		};
		7E04EC2C264BE257004C1950 /* Release */ = {
			isa = XCBuildConfiguration;
			buildSettings = {
				ALWAYS_SEARCH_USER_PATHS = NO;
				CLANG_ANALYZER_NONNULL = YES;
				CLANG_ANALYZER_NUMBER_OBJECT_CONVERSION = YES_AGGRESSIVE;
				CLANG_CXX_LANGUAGE_STANDARD = "gnu++14";
				CLANG_CXX_LIBRARY = "libc++";
				CLANG_ENABLE_MODULES = YES;
				CLANG_ENABLE_OBJC_ARC = YES;
				CLANG_ENABLE_OBJC_WEAK = YES;
				CLANG_WARN_BLOCK_CAPTURE_AUTORELEASING = YES;
				CLANG_WARN_BOOL_CONVERSION = YES;
				CLANG_WARN_COMMA = YES;
				CLANG_WARN_CONSTANT_CONVERSION = YES;
				CLANG_WARN_DEPRECATED_OBJC_IMPLEMENTATIONS = YES;
				CLANG_WARN_DIRECT_OBJC_ISA_USAGE = YES_ERROR;
				CLANG_WARN_DOCUMENTATION_COMMENTS = YES;
				CLANG_WARN_EMPTY_BODY = YES;
				CLANG_WARN_ENUM_CONVERSION = YES;
				CLANG_WARN_INFINITE_RECURSION = YES;
				CLANG_WARN_INT_CONVERSION = YES;
				CLANG_WARN_NON_LITERAL_NULL_CONVERSION = YES;
				CLANG_WARN_OBJC_IMPLICIT_RETAIN_SELF = YES;
				CLANG_WARN_OBJC_LITERAL_CONVERSION = YES;
				CLANG_WARN_OBJC_ROOT_CLASS = YES_ERROR;
				CLANG_WARN_QUOTED_INCLUDE_IN_FRAMEWORK_HEADER = YES;
				CLANG_WARN_RANGE_LOOP_ANALYSIS = YES;
				CLANG_WARN_STRICT_PROTOTYPES = YES;
				CLANG_WARN_SUSPICIOUS_MOVE = YES;
				CLANG_WARN_UNGUARDED_AVAILABILITY = YES_AGGRESSIVE;
				CLANG_WARN_UNREACHABLE_CODE = YES;
				CLANG_WARN__DUPLICATE_METHOD_MATCH = YES;
				COPY_PHASE_STRIP = NO;
				DEBUG_INFORMATION_FORMAT = "dwarf-with-dsym";
				ENABLE_NS_ASSERTIONS = NO;
				ENABLE_STRICT_OBJC_MSGSEND = YES;
				GCC_C_LANGUAGE_STANDARD = gnu11;
				GCC_NO_COMMON_BLOCKS = YES;
				GCC_WARN_64_TO_32_BIT_CONVERSION = YES;
				GCC_WARN_ABOUT_RETURN_TYPE = YES_ERROR;
				GCC_WARN_UNDECLARED_SELECTOR = YES;
				GCC_WARN_UNINITIALIZED_AUTOS = YES_AGGRESSIVE;
				GCC_WARN_UNUSED_FUNCTION = YES;
				GCC_WARN_UNUSED_VARIABLE = YES;
				IPHONEOS_DEPLOYMENT_TARGET = 12.1;
				MTL_ENABLE_DEBUG_INFO = NO;
				MTL_FAST_MATH = YES;
				SDKROOT = iphoneos;
				SWIFT_COMPILATION_MODE = wholemodule;
				SWIFT_OPTIMIZATION_LEVEL = "-O";
				VALIDATE_PRODUCT = YES;
			};
			name = Release;
		};
		7E04EC2E264BE257004C1950 /* Debug */ = {
			isa = XCBuildConfiguration;
			buildSettings = {
				ASSETCATALOG_COMPILER_APPICON_NAME = AppIcon;
				ASSETCATALOG_COMPILER_GLOBAL_ACCENT_COLOR_NAME = AccentColor;
				CODE_SIGN_STYLE = Automatic;
				DEVELOPMENT_TEAM = Q78W77VGGV;
				INFOPLIST_FILE = StoreApp/Resources/Info.plist;
				LD_RUNPATH_SEARCH_PATHS = (
					"$(inherited)",
					"@executable_path/Frameworks",
				);
				PRODUCT_BUNDLE_IDENTIFIER = com.josipZidar.StoreApp;
				PRODUCT_NAME = "$(TARGET_NAME)";
				SWIFT_VERSION = 5.0;
				TARGETED_DEVICE_FAMILY = 1;
			};
			name = Debug;
		};
		7E04EC2F264BE257004C1950 /* Release */ = {
			isa = XCBuildConfiguration;
			buildSettings = {
				ASSETCATALOG_COMPILER_APPICON_NAME = AppIcon;
				ASSETCATALOG_COMPILER_GLOBAL_ACCENT_COLOR_NAME = AccentColor;
				CODE_SIGN_STYLE = Automatic;
				DEVELOPMENT_TEAM = Q78W77VGGV;
				INFOPLIST_FILE = StoreApp/Resources/Info.plist;
				LD_RUNPATH_SEARCH_PATHS = (
					"$(inherited)",
					"@executable_path/Frameworks",
				);
				PRODUCT_BUNDLE_IDENTIFIER = com.josipZidar.StoreApp;
				PRODUCT_NAME = "$(TARGET_NAME)";
				SWIFT_VERSION = 5.0;
				TARGETED_DEVICE_FAMILY = 1;
			};
			name = Release;
		};
/* End XCBuildConfiguration section */

/* Begin XCConfigurationList section */
		7E04EC11264BE255004C1950 /* Build configuration list for PBXProject "StoreApp" */ = {
			isa = XCConfigurationList;
			buildConfigurations = (
				7E04EC2B264BE257004C1950 /* Debug */,
				7E04EC2C264BE257004C1950 /* Release */,
			);
			defaultConfigurationIsVisible = 0;
			defaultConfigurationName = Release;
		};
		7E04EC2D264BE257004C1950 /* Build configuration list for PBXNativeTarget "StoreApp" */ = {
			isa = XCConfigurationList;
			buildConfigurations = (
				7E04EC2E264BE257004C1950 /* Debug */,
				7E04EC2F264BE257004C1950 /* Release */,
			);
			defaultConfigurationIsVisible = 0;
			defaultConfigurationName = Release;
		};
/* End XCConfigurationList section */

/* Begin XCVersionGroup section */
		7E04EC22264BE256004C1950 /* StoreApp.xcdatamodeld */ = {
			isa = XCVersionGroup;
			children = (
				7E04EC23264BE256004C1950 /* StoreApp.xcdatamodel */,
			);
			currentVersion = 7E04EC23264BE256004C1950 /* StoreApp.xcdatamodel */;
			path = StoreApp.xcdatamodeld;
			sourceTree = "<group>";
			versionGroupType = wrapper.xcdatamodel;
		};
/* End XCVersionGroup section */
	};
	rootObject = 7E04EC0E264BE255004C1950 /* Project object */;
}
